// !$*UTF8*$!
{
	archiveVersion = 1;
	classes = {
	};
	objectVersion = 50;
	objects = {

/* Begin PBXBuildFile section */
		0BD80A18ACCA120A3BEA73A9 /* Pods_FontAwesomeProject.framework in Frameworks */ = {isa = PBXBuildFile; fileRef = 6A37E46F6259EB0CC3A3032E /* Pods_FontAwesomeProject.framework */; };
		7BC9552D2386530000EE0A78 /* AppDelegate.swift in Sources */ = {isa = PBXBuildFile; fileRef = 7BC9552C2386530000EE0A78 /* AppDelegate.swift */; };
		7BC9552F2386530000EE0A78 /* SceneDelegate.swift in Sources */ = {isa = PBXBuildFile; fileRef = 7BC9552E2386530000EE0A78 /* SceneDelegate.swift */; };
		7BC955312386530000EE0A78 /* ViewController.swift in Sources */ = {isa = PBXBuildFile; fileRef = 7BC955302386530000EE0A78 /* ViewController.swift */; };
		7BC955342386530000EE0A78 /* Main.storyboard in Resources */ = {isa = PBXBuildFile; fileRef = 7BC955322386530000EE0A78 /* Main.storyboard */; };
		7BC955362386530200EE0A78 /* Assets.xcassets in Resources */ = {isa = PBXBuildFile; fileRef = 7BC955352386530200EE0A78 /* Assets.xcassets */; };
		7BC955392386530200EE0A78 /* LaunchScreen.storyboard in Resources */ = {isa = PBXBuildFile; fileRef = 7BC955372386530200EE0A78 /* LaunchScreen.storyboard */; };
/* End PBXBuildFile section */

/* Begin PBXFileReference section */
		30B2114517E421F15D81C62B /* Pods-FontAwesomeProject.release.xcconfig */ = {isa = PBXFileReference; includeInIndex = 1; lastKnownFileType = text.xcconfig; name = "Pods-FontAwesomeProject.release.xcconfig"; path = "Target Support Files/Pods-FontAwesomeProject/Pods-FontAwesomeProject.release.xcconfig"; sourceTree = "<group>"; };
		44116F5F4A3E4EE2C39C3E78 /* Pods-FontAwesomeProject.debug.xcconfig */ = {isa = PBXFileReference; includeInIndex = 1; lastKnownFileType = text.xcconfig; name = "Pods-FontAwesomeProject.debug.xcconfig"; path = "Target Support Files/Pods-FontAwesomeProject/Pods-FontAwesomeProject.debug.xcconfig"; sourceTree = "<group>"; };
		6A37E46F6259EB0CC3A3032E /* Pods_FontAwesomeProject.framework */ = {isa = PBXFileReference; explicitFileType = wrapper.framework; includeInIndex = 0; path = Pods_FontAwesomeProject.framework; sourceTree = BUILT_PRODUCTS_DIR; };
		7BC955292386530000EE0A78 /* FontAwesomeProject.app */ = {isa = PBXFileReference; explicitFileType = wrapper.application; includeInIndex = 0; path = FontAwesomeProject.app; sourceTree = BUILT_PRODUCTS_DIR; };
		7BC9552C2386530000EE0A78 /* AppDelegate.swift */ = {isa = PBXFileReference; lastKnownFileType = sourcecode.swift; path = AppDelegate.swift; sourceTree = "<group>"; };
		7BC9552E2386530000EE0A78 /* SceneDelegate.swift */ = {isa = PBXFileReference; lastKnownFileType = sourcecode.swift; path = SceneDelegate.swift; sourceTree = "<group>"; };
		7BC955302386530000EE0A78 /* ViewController.swift */ = {isa = PBXFileReference; lastKnownFileType = sourcecode.swift; path = ViewController.swift; sourceTree = "<group>"; };
		7BC955332386530000EE0A78 /* Base */ = {isa = PBXFileReference; lastKnownFileType = file.storyboard; name = Base; path = Base.lproj/Main.storyboard; sourceTree = "<group>"; };
		7BC955352386530200EE0A78 /* Assets.xcassets */ = {isa = PBXFileReference; lastKnownFileType = folder.assetcatalog; path = Assets.xcassets; sourceTree = "<group>"; };
		7BC955382386530200EE0A78 /* Base */ = {isa = PBXFileReference; lastKnownFileType = file.storyboard; name = Base; path = Base.lproj/LaunchScreen.storyboard; sourceTree = "<group>"; };
		7BC9553A2386530200EE0A78 /* Info.plist */ = {isa = PBXFileReference; lastKnownFileType = text.plist.xml; path = Info.plist; sourceTree = "<group>"; };
/* End PBXFileReference section */

/* Begin PBXFrameworksBuildPhase section */
		7BC955262386530000EE0A78 /* Frameworks */ = {
			isa = PBXFrameworksBuildPhase;
			buildActionMask = 2147483647;
			files = (
				0BD80A18ACCA120A3BEA73A9 /* Pods_FontAwesomeProject.framework in Frameworks */,
			);
			runOnlyForDeploymentPostprocessing = 0;
		};
/* End PBXFrameworksBuildPhase section */

/* Begin PBXGroup section */
		7BC95520238652FF00EE0A78 = {
			isa = PBXGroup;
			children = (
				7BC9552B2386530000EE0A78 /* FontAwesomeProject */,
				7BC9552A2386530000EE0A78 /* Products */,
				BEA55C937A7BA345C502BF0A /* Pods */,
				BEE48F399158CB66822F7D07 /* Frameworks */,
			);
			sourceTree = "<group>";
		};
		7BC9552A2386530000EE0A78 /* Products */ = {
			isa = PBXGroup;
			children = (
				7BC955292386530000EE0A78 /* FontAwesomeProject.app */,
			);
			name = Products;
			sourceTree = "<group>";
		};
		7BC9552B2386530000EE0A78 /* FontAwesomeProject */ = {
			isa = PBXGroup;
			children = (
				7BC9552C2386530000EE0A78 /* AppDelegate.swift */,
				7BC9552E2386530000EE0A78 /* SceneDelegate.swift */,
				7BC955302386530000EE0A78 /* ViewController.swift */,
				7BC955322386530000EE0A78 /* Main.storyboard */,
				7BC955352386530200EE0A78 /* Assets.xcassets */,
				7BC955372386530200EE0A78 /* LaunchScreen.storyboard */,
				7BC9553A2386530200EE0A78 /* Info.plist */,
			);
			path = FontAwesomeProject;
			sourceTree = "<group>";
		};
		BEA55C937A7BA345C502BF0A /* Pods */ = {
			isa = PBXGroup;
			children = (
				44116F5F4A3E4EE2C39C3E78 /* Pods-FontAwesomeProject.debug.xcconfig */,
				30B2114517E421F15D81C62B /* Pods-FontAwesomeProject.release.xcconfig */,
			);
			name = Pods;
			path = Pods;
			sourceTree = "<group>";
		};
		BEE48F399158CB66822F7D07 /* Frameworks */ = {
			isa = PBXGroup;
			children = (
				6A37E46F6259EB0CC3A3032E /* Pods_FontAwesomeProject.framework */,
			);
			name = Frameworks;
			sourceTree = "<group>";
		};
/* End PBXGroup section */

/* Begin PBXNativeTarget section */
		7BC955282386530000EE0A78 /* FontAwesomeProject */ = {
			isa = PBXNativeTarget;
			buildConfigurationList = 7BC9553D2386530200EE0A78 /* Build configuration list for PBXNativeTarget "FontAwesomeProject" */;
			buildPhases = (
				2EFAF13E3AE8AFD6D39C29BC /* [CP] Check Pods Manifest.lock */,
				7BC955252386530000EE0A78 /* Sources */,
				7BC955262386530000EE0A78 /* Frameworks */,
				7BC955272386530000EE0A78 /* Resources */,
				7EDE0A891FC2871C4ACFD60C /* [CP] Embed Pods Frameworks */,
			);
			buildRules = (
			);
			dependencies = (
			);
			name = FontAwesomeProject;
			productName = FontAwesomeProject;
			productReference = 7BC955292386530000EE0A78 /* FontAwesomeProject.app */;
			productType = "com.apple.product-type.application";
		};
/* End PBXNativeTarget section */

/* Begin PBXProject section */
		7BC95521238652FF00EE0A78 /* Project object */ = {
			isa = PBXProject;
			attributes = {
				LastSwiftUpdateCheck = 1110;
				LastUpgradeCheck = 1110;
				ORGANIZATIONNAME = Mizuki;
				TargetAttributes = {
					7BC955282386530000EE0A78 = {
						CreatedOnToolsVersion = 11.1;
					};
				};
			};
			buildConfigurationList = 7BC95524238652FF00EE0A78 /* Build configuration list for PBXProject "FontAwesomeProject" */;
			compatibilityVersion = "Xcode 9.3";
			developmentRegion = en;
			hasScannedForEncodings = 0;
			knownRegions = (
				en,
				Base,
			);
			mainGroup = 7BC95520238652FF00EE0A78;
			productRefGroup = 7BC9552A2386530000EE0A78 /* Products */;
			projectDirPath = "";
			projectRoot = "";
			targets = (
				7BC955282386530000EE0A78 /* FontAwesomeProject */,
			);
		};
/* End PBXProject section */

/* Begin PBXResourcesBuildPhase section */
		7BC955272386530000EE0A78 /* Resources */ = {
			isa = PBXResourcesBuildPhase;
			buildActionMask = 2147483647;
			files = (
				7BC955392386530200EE0A78 /* LaunchScreen.storyboard in Resources */,
				7BC955362386530200EE0A78 /* Assets.xcassets in Resources */,
				7BC955342386530000EE0A78 /* Main.storyboard in Resources */,
			);
			runOnlyForDeploymentPostprocessing = 0;
		};
/* End PBXResourcesBuildPhase section */

/* Begin PBXShellScriptBuildPhase section */
		2EFAF13E3AE8AFD6D39C29BC /* [CP] Check Pods Manifest.lock */ = {
			isa = PBXShellScriptBuildPhase;
			buildActionMask = 2147483647;
			files = (
			);
			inputFileListPaths = (
			);
			inputPaths = (
				"${PODS_PODFILE_DIR_PATH}/Podfile.lock",
				"${PODS_ROOT}/Manifest.lock",
			);
			name = "[CP] Check Pods Manifest.lock";
			outputFileListPaths = (
			);
			outputPaths = (
				"$(DERIVED_FILE_DIR)/Pods-FontAwesomeProject-checkManifestLockResult.txt",
			);
			runOnlyForDeploymentPostprocessing = 0;
			shellPath = /bin/sh;
			shellScript = "diff \"${PODS_PODFILE_DIR_PATH}/Podfile.lock\" \"${PODS_ROOT}/Manifest.lock\" > /dev/null\nif [ $? != 0 ] ; then\n    # print error to STDERR\n    echo \"error: The sandbox is not in sync with the Podfile.lock. Run 'pod install' or update your CocoaPods installation.\" >&2\n    exit 1\nfi\n# This output is used by Xcode 'outputs' to avoid re-running this script phase.\necho \"SUCCESS\" > \"${SCRIPT_OUTPUT_FILE_0}\"\n";
			showEnvVarsInLog = 0;
		};
		7EDE0A891FC2871C4ACFD60C /* [CP] Embed Pods Frameworks */ = {
			isa = PBXShellScriptBuildPhase;
			buildActionMask = 2147483647;
			files = (
			);
			inputFileListPaths = (
				"${PODS_ROOT}/Target Support Files/Pods-FontAwesomeProject/Pods-FontAwesomeProject-frameworks-${CONFIGURATION}-input-files.xcfilelist",
			);
			name = "[CP] Embed Pods Frameworks";
			outputFileListPaths = (
				"${PODS_ROOT}/Target Support Files/Pods-FontAwesomeProject/Pods-FontAwesomeProject-frameworks-${CONFIGURATION}-output-files.xcfilelist",
			);
			runOnlyForDeploymentPostprocessing = 0;
			shellPath = /bin/sh;
			shellScript = "\"${PODS_ROOT}/Target Support Files/Pods-FontAwesomeProject/Pods-FontAwesomeProject-frameworks.sh\"\n";
			showEnvVarsInLog = 0;
		};
/* End PBXShellScriptBuildPhase section */

/* Begin PBXSourcesBuildPhase section */
		7BC955252386530000EE0A78 /* Sources */ = {
			isa = PBXSourcesBuildPhase;
			buildActionMask = 2147483647;
			files = (
				7BC955312386530000EE0A78 /* ViewController.swift in Sources */,
				7BC9552D2386530000EE0A78 /* AppDelegate.swift in Sources */,
				7BC9552F2386530000EE0A78 /* SceneDelegate.swift in Sources */,
			);
			runOnlyForDeploymentPostprocessing = 0;
		};
/* End PBXSourcesBuildPhase section */

/* Begin PBXVariantGroup section */
		7BC955322386530000EE0A78 /* Main.storyboard */ = {
			isa = PBXVariantGroup;
			children = (
				7BC955332386530000EE0A78 /* Base */,
			);
			name = Main.storyboard;
			sourceTree = "<group>";
		};
		7BC955372386530200EE0A78 /* LaunchScreen.storyboard */ = {
			isa = PBXVariantGroup;
			children = (
				7BC955382386530200EE0A78 /* Base */,
			);
			name = LaunchScreen.storyboard;
			sourceTree = "<group>";
		};
/* End PBXVariantGroup section */

/* Begin XCBuildConfiguration section */
		7BC9553B2386530200EE0A78 /* Debug */ = {
			isa = XCBuildConfiguration;
			buildSettings = {
				ALWAYS_SEARCH_USER_PATHS = NO;
				CLANG_ANALYZER_NONNULL = YES;
				CLANG_ANALYZER_NUMBER_OBJECT_CONVERSION = YES_AGGRESSIVE;
				CLANG_CXX_LANGUAGE_STANDARD = "gnu++14";
				CLANG_CXX_LIBRARY = "libc++";
				CLANG_ENABLE_MODULES = YES;
				CLANG_ENABLE_OBJC_ARC = YES;
				CLANG_ENABLE_OBJC_WEAK = YES;
				CLANG_WARN_BLOCK_CAPTURE_AUTORELEASING = YES;
				CLANG_WARN_BOOL_CONVERSION = YES;
				CLANG_WARN_COMMA = YES;
				CLANG_WARN_CONSTANT_CONVERSION = YES;
				CLANG_WARN_DEPRECATED_OBJC_IMPLEMENTATIONS = YES;
				CLANG_WARN_DIRECT_OBJC_ISA_USAGE = YES_ERROR;
				CLANG_WARN_DOCUMENTATION_COMMENTS = YES;
				CLANG_WARN_EMPTY_BODY = YES;
				CLANG_WARN_ENUM_CONVERSION = YES;
				CLANG_WARN_INFINITE_RECURSION = YES;
				CLANG_WARN_INT_CONVERSION = YES;
				CLANG_WARN_NON_LITERAL_NULL_CONVERSION = YES;
				CLANG_WARN_OBJC_IMPLICIT_RETAIN_SELF = YES;
				CLANG_WARN_OBJC_LITERAL_CONVERSION = YES;
				CLANG_WARN_OBJC_ROOT_CLASS = YES_ERROR;
				CLANG_WARN_RANGE_LOOP_ANALYSIS = YES;
				CLANG_WARN_STRICT_PROTOTYPES = YES;
				CLANG_WARN_SUSPICIOUS_MOVE = YES;
				CLANG_WARN_UNGUARDED_AVAILABILITY = YES_AGGRESSIVE;
				CLANG_WARN_UNREACHABLE_CODE = YES;
				CLANG_WARN__DUPLICATE_METHOD_MATCH = YES;
				COPY_PHASE_STRIP = NO;
				DEBUG_INFORMATION_FORMAT = dwarf;
				ENABLE_STRICT_OBJC_MSGSEND = YES;
				ENABLE_TESTABILITY = YES;
				GCC_C_LANGUAGE_STANDARD = gnu11;
				GCC_DYNAMIC_NO_PIC = NO;
				GCC_NO_COMMON_BLOCKS = YES;
				GCC_OPTIMIZATION_LEVEL = 0;
				GCC_PREPROCESSOR_DEFINITIONS = (
					"DEBUG=1",
					"$(inherited)",
				);
				GCC_WARN_64_TO_32_BIT_CONVERSION = YES;
				GCC_WARN_ABOUT_RETURN_TYPE = YES_ERROR;
				GCC_WARN_UNDECLARED_SELECTOR = YES;
				GCC_WARN_UNINITIALIZED_AUTOS = YES_AGGRESSIVE;
				GCC_WARN_UNUSED_FUNCTION = YES;
				GCC_WARN_UNUSED_VARIABLE = YES;
				IPHONEOS_DEPLOYMENT_TARGET = 13.1;
				MTL_ENABLE_DEBUG_INFO = INCLUDE_SOURCE;
				MTL_FAST_MATH = YES;
				ONLY_ACTIVE_ARCH = YES;
				SDKROOT = iphoneos;
				SWIFT_ACTIVE_COMPILATION_CONDITIONS = DEBUG;
				SWIFT_OPTIMIZATION_LEVEL = "-Onone";
			};
			name = Debug;
		};
		7BC9553C2386530200EE0A78 /* Release */ = {
			isa = XCBuildConfiguration;
			buildSettings = {
				ALWAYS_SEARCH_USER_PATHS = NO;
				CLANG_ANALYZER_NONNULL = YES;
				CLANG_ANALYZER_NUMBER_OBJECT_CONVERSION = YES_AGGRESSIVE;
				CLANG_CXX_LANGUAGE_STANDARD = "gnu++14";
				CLANG_CXX_LIBRARY = "libc++";
				CLANG_ENABLE_MODULES = YES;
				CLANG_ENABLE_OBJC_ARC = YES;
				CLANG_ENABLE_OBJC_WEAK = YES;
				CLANG_WARN_BLOCK_CAPTURE_AUTORELEASING = YES;
				CLANG_WARN_BOOL_CONVERSION = YES;
				CLANG_WARN_COMMA = YES;
				CLANG_WARN_CONSTANT_CONVERSION = YES;
				CLANG_WARN_DEPRECATED_OBJC_IMPLEMENTATIONS = YES;
				CLANG_WARN_DIRECT_OBJC_ISA_USAGE = YES_ERROR;
				CLANG_WARN_DOCUMENTATION_COMMENTS = YES;
				CLANG_WARN_EMPTY_BODY = YES;
				CLANG_WARN_ENUM_CONVERSION = YES;
				CLANG_WARN_INFINITE_RECURSION = YES;
				CLANG_WARN_INT_CONVERSION = YES;
				CLANG_WARN_NON_LITERAL_NULL_CONVERSION = YES;
				CLANG_WARN_OBJC_IMPLICIT_RETAIN_SELF = YES;
				CLANG_WARN_OBJC_LITERAL_CONVERSION = YES;
				CLANG_WARN_OBJC_ROOT_CLASS = YES_ERROR;
				CLANG_WARN_RANGE_LOOP_ANALYSIS = YES;
				CLANG_WARN_STRICT_PROTOTYPES = YES;
				CLANG_WARN_SUSPICIOUS_MOVE = YES;
				CLANG_WARN_UNGUARDED_AVAILABILITY = YES_AGGRESSIVE;
				CLANG_WARN_UNREACHABLE_CODE = YES;
				CLANG_WARN__DUPLICATE_METHOD_MATCH = YES;
				COPY_PHASE_STRIP = NO;
				DEBUG_INFORMATION_FORMAT = "dwarf-with-dsym";
				ENABLE_NS_ASSERTIONS = NO;
				ENABLE_STRICT_OBJC_MSGSEND = YES;
				GCC_C_LANGUAGE_STANDARD = gnu11;
				GCC_NO_COMMON_BLOCKS = YES;
				GCC_WARN_64_TO_32_BIT_CONVERSION = YES;
				GCC_WARN_ABOUT_RETURN_TYPE = YES_ERROR;
				GCC_WARN_UNDECLARED_SELECTOR = YES;
				GCC_WARN_UNINITIALIZED_AUTOS = YES_AGGRESSIVE;
				GCC_WARN_UNUSED_FUNCTION = YES;
				GCC_WARN_UNUSED_VARIABLE = YES;
				IPHONEOS_DEPLOYMENT_TARGET = 13.1;
				MTL_ENABLE_DEBUG_INFO = NO;
				MTL_FAST_MATH = YES;
				SDKROOT = iphoneos;
				SWIFT_COMPILATION_MODE = wholemodule;
				SWIFT_OPTIMIZATION_LEVEL = "-O";
				VALIDATE_PRODUCT = YES;
			};
			name = Release;
		};
		7BC9553E2386530200EE0A78 /* Debug */ = {
			isa = XCBuildConfiguration;
			baseConfigurationReference = 44116F5F4A3E4EE2C39C3E78 /* Pods-FontAwesomeProject.debug.xcconfig */;
			buildSettings = {
				ASSETCATALOG_COMPILER_APPICON_NAME = AppIcon;
				CODE_SIGN_STYLE = Automatic;
				INFOPLIST_FILE = FontAwesomeProject/Info.plist;
				LD_RUNPATH_SEARCH_PATHS = (
					"$(inherited)",
					"@executable_path/Frameworks",
				);
				PRODUCT_BUNDLE_IDENTIFIER = com.example.FontAwesomeProject;
				PRODUCT_NAME = "$(TARGET_NAME)";
				SWIFT_VERSION = 5.0;
				TARGETED_DEVICE_FAMILY = "1,2";
			};
			name = Debug;
		};
		7BC9553F2386530200EE0A78 /* Release */ = {
			isa = XCBuildConfiguration;
			baseConfigurationReference = 30B2114517E421F15D81C62B /* Pods-FontAwesomeProject.release.xcconfig */;
			buildSettings = {
				ASSETCATALOG_COMPILER_APPICON_NAME = AppIcon;
				CODE_SIGN_STYLE = Automatic;
				INFOPLIST_FILE = FontAwesomeProject/Info.plist;
				LD_RUNPATH_SEARCH_PATHS = (
					"$(inherited)",
					"@executable_path/Frameworks",
				);
				PRODUCT_BUNDLE_IDENTIFIER = com.example.FontAwesomeProject;
				PRODUCT_NAME = "$(TARGET_NAME)";
				SWIFT_VERSION = 5.0;
				TARGETED_DEVICE_FAMILY = "1,2";
			};
			name = Release;
		};
/* End XCBuildConfiguration section */

/* Begin XCConfigurationList section */
		7BC95524238652FF00EE0A78 /* Build configuration list for PBXProject "FontAwesomeProject" */ = {
			isa = XCConfigurationList;
			buildConfigurations = (
				7BC9553B2386530200EE0A78 /* Debug */,
				7BC9553C2386530200EE0A78 /* Release */,
			);
			defaultConfigurationIsVisible = 0;
			defaultConfigurationName = Release;
		};
		7BC9553D2386530200EE0A78 /* Build configuration list for PBXNativeTarget "FontAwesomeProject" */ = {
			isa = XCConfigurationList;
			buildConfigurations = (
				7BC9553E2386530200EE0A78 /* Debug */,
				7BC9553F2386530200EE0A78 /* Release */,
			);
			defaultConfigurationIsVisible = 0;
			defaultConfigurationName = Release;
		};
/* End XCConfigurationList section */
	};
	rootObject = 7BC95521238652FF00EE0A78 /* Project object */;
}
